// !$*UTF8*$!
{
	archiveVersion = 1;
	classes = {
	};
	objectVersion = 51;
	objects = {

/* Begin PBXBuildFile section */
		4E55CDAE264BC0CA00186B40 /* AppDelegate.swift in Sources */ = {isa = PBXBuildFile; fileRef = 4E55CDAD264BC0CA00186B40 /* AppDelegate.swift */; };
		4E55CDB0264BC0CA00186B40 /* SceneDelegate.swift in Sources */ = {isa = PBXBuildFile; fileRef = 4E55CDAF264BC0CA00186B40 /* SceneDelegate.swift */; };
		4E55CDB2264BC0CA00186B40 /* MenuViewController.swift in Sources */ = {isa = PBXBuildFile; fileRef = 4E55CDB1264BC0CA00186B40 /* MenuViewController.swift */; };
		4E55CDB5264BC0CA00186B40 /* Main.storyboard in Resources */ = {isa = PBXBuildFile; fileRef = 4E55CDB3264BC0CA00186B40 /* Main.storyboard */; };
		4E55CDB7264BC0CC00186B40 /* Assets.xcassets in Resources */ = {isa = PBXBuildFile; fileRef = 4E55CDB6264BC0CC00186B40 /* Assets.xcassets */; };
		4E55CDBA264BC0CC00186B40 /* LaunchScreen.storyboard in Resources */ = {isa = PBXBuildFile; fileRef = 4E55CDB8264BC0CC00186B40 /* LaunchScreen.storyboard */; };
		4E55CDCA264D57EF00186B40 /* ReceiptViewController.swift in Sources */ = {isa = PBXBuildFile; fileRef = 4E55CDC9264D57EF00186B40 /* ReceiptViewController.swift */; };
		4E55CDCD264E48B900186B40 /* APIServise.swift in Sources */ = {isa = PBXBuildFile; fileRef = 4E55CDCC264E48B900186B40 /* APIServise.swift */; };
		4E55CDD0264E493800186B40 /* MenuModel.swift in Sources */ = {isa = PBXBuildFile; fileRef = 4E55CDCF264E493800186B40 /* MenuModel.swift */; };
		4E55CDD3264E508100186B40 /* MenuTableViewCell.swift in Sources */ = {isa = PBXBuildFile; fileRef = 4E55CDD2264E508100186B40 /* MenuTableViewCell.swift */; };
		DEC5E96DAC5238DE5601B44B /* Pods_MenuOrder_RxSwift_MVVM.framework in Frameworks */ = {isa = PBXBuildFile; fileRef = B6A99EF1AEE9244C0BF6722D /* Pods_MenuOrder_RxSwift_MVVM.framework */; };
/* End PBXBuildFile section */

/* Begin PBXFileReference section */
		4E55CDAA264BC0CA00186B40 /* MenuOrder_RxSwift+MVVM.app */ = {isa = PBXFileReference; explicitFileType = wrapper.application; includeInIndex = 0; path = "MenuOrder_RxSwift+MVVM.app"; sourceTree = BUILT_PRODUCTS_DIR; };
		4E55CDAD264BC0CA00186B40 /* AppDelegate.swift */ = {isa = PBXFileReference; lastKnownFileType = sourcecode.swift; path = AppDelegate.swift; sourceTree = "<group>"; };
		4E55CDAF264BC0CA00186B40 /* SceneDelegate.swift */ = {isa = PBXFileReference; lastKnownFileType = sourcecode.swift; path = SceneDelegate.swift; sourceTree = "<group>"; };
		4E55CDB1264BC0CA00186B40 /* MenuViewController.swift */ = {isa = PBXFileReference; lastKnownFileType = sourcecode.swift; path = MenuViewController.swift; sourceTree = "<group>"; };
		4E55CDB4264BC0CA00186B40 /* Base */ = {isa = PBXFileReference; lastKnownFileType = file.storyboard; name = Base; path = Base.lproj/Main.storyboard; sourceTree = "<group>"; };
		4E55CDB6264BC0CC00186B40 /* Assets.xcassets */ = {isa = PBXFileReference; lastKnownFileType = folder.assetcatalog; path = Assets.xcassets; sourceTree = "<group>"; };
		4E55CDB9264BC0CC00186B40 /* Base */ = {isa = PBXFileReference; lastKnownFileType = file.storyboard; name = Base; path = Base.lproj/LaunchScreen.storyboard; sourceTree = "<group>"; };
		4E55CDBB264BC0CC00186B40 /* Info.plist */ = {isa = PBXFileReference; lastKnownFileType = text.plist.xml; path = Info.plist; sourceTree = "<group>"; };
		4E55CDC9264D57EF00186B40 /* ReceiptViewController.swift */ = {isa = PBXFileReference; lastKnownFileType = sourcecode.swift; path = ReceiptViewController.swift; sourceTree = "<group>"; };
		4E55CDCC264E48B900186B40 /* APIServise.swift */ = {isa = PBXFileReference; lastKnownFileType = sourcecode.swift; path = APIServise.swift; sourceTree = "<group>"; };
		4E55CDCF264E493800186B40 /* MenuModel.swift */ = {isa = PBXFileReference; lastKnownFileType = sourcecode.swift; path = MenuModel.swift; sourceTree = "<group>"; };
		4E55CDD2264E508100186B40 /* MenuTableViewCell.swift */ = {isa = PBXFileReference; lastKnownFileType = sourcecode.swift; path = MenuTableViewCell.swift; sourceTree = "<group>"; };
		79E515586B382F08E7F5D98A /* Pods-MenuOrder_RxSwift+MVVM.release.xcconfig */ = {isa = PBXFileReference; includeInIndex = 1; lastKnownFileType = text.xcconfig; name = "Pods-MenuOrder_RxSwift+MVVM.release.xcconfig"; path = "Target Support Files/Pods-MenuOrder_RxSwift+MVVM/Pods-MenuOrder_RxSwift+MVVM.release.xcconfig"; sourceTree = "<group>"; };
		A7FCB8E7F560EED26F7D30AC /* Pods-MenuOrder_RxSwift+MVVM.debug.xcconfig */ = {isa = PBXFileReference; includeInIndex = 1; lastKnownFileType = text.xcconfig; name = "Pods-MenuOrder_RxSwift+MVVM.debug.xcconfig"; path = "Target Support Files/Pods-MenuOrder_RxSwift+MVVM/Pods-MenuOrder_RxSwift+MVVM.debug.xcconfig"; sourceTree = "<group>"; };
		B6A99EF1AEE9244C0BF6722D /* Pods_MenuOrder_RxSwift_MVVM.framework */ = {isa = PBXFileReference; explicitFileType = wrapper.framework; includeInIndex = 0; path = Pods_MenuOrder_RxSwift_MVVM.framework; sourceTree = BUILT_PRODUCTS_DIR; };
/* End PBXFileReference section */

/* Begin PBXFrameworksBuildPhase section */
		4E55CDA7264BC0CA00186B40 /* Frameworks */ = {
			isa = PBXFrameworksBuildPhase;
			buildActionMask = 2147483647;
			files = (
				DEC5E96DAC5238DE5601B44B /* Pods_MenuOrder_RxSwift_MVVM.framework in Frameworks */,
			);
			runOnlyForDeploymentPostprocessing = 0;
		};
/* End PBXFrameworksBuildPhase section */

/* Begin PBXGroup section */
		09B4E503C48BCA02EF7577EC /* Frameworks */ = {
			isa = PBXGroup;
			children = (
				B6A99EF1AEE9244C0BF6722D /* Pods_MenuOrder_RxSwift_MVVM.framework */,
			);
			name = Frameworks;
			sourceTree = "<group>";
		};
		4E55CDA1264BC0CA00186B40 = {
			isa = PBXGroup;
			children = (
				4E55CDAC264BC0CA00186B40 /* MenuOrder_RxSwift+MVVM */,
				4E55CDAB264BC0CA00186B40 /* Products */,
				AF7708A7E9567B8F11132E36 /* Pods */,
				09B4E503C48BCA02EF7577EC /* Frameworks */,
			);
			sourceTree = "<group>";
		};
		4E55CDAB264BC0CA00186B40 /* Products */ = {
			isa = PBXGroup;
			children = (
				4E55CDAA264BC0CA00186B40 /* MenuOrder_RxSwift+MVVM.app */,
			);
			name = Products;
			sourceTree = "<group>";
		};
		4E55CDAC264BC0CA00186B40 /* MenuOrder_RxSwift+MVVM */ = {
			isa = PBXGroup;
			children = (
				4E55CDAD264BC0CA00186B40 /* AppDelegate.swift */,
				4E55CDAF264BC0CA00186B40 /* SceneDelegate.swift */,
				4E55CDCF264E493800186B40 /* MenuModel.swift */,
				4E55CDCC264E48B900186B40 /* APIServise.swift */,
				4E55CDB1264BC0CA00186B40 /* MenuViewController.swift */,
				4E55CDD2264E508100186B40 /* MenuTableViewCell.swift */,
				4E55CDC9264D57EF00186B40 /* ReceiptViewController.swift */,
				4E55CDB3264BC0CA00186B40 /* Main.storyboard */,
				4E55CDB6264BC0CC00186B40 /* Assets.xcassets */,
				4E55CDB8264BC0CC00186B40 /* LaunchScreen.storyboard */,
				4E55CDBB264BC0CC00186B40 /* Info.plist */,
			);
			path = "MenuOrder_RxSwift+MVVM";
			sourceTree = "<group>";
		};
		AF7708A7E9567B8F11132E36 /* Pods */ = {
			isa = PBXGroup;
			children = (
				A7FCB8E7F560EED26F7D30AC /* Pods-MenuOrder_RxSwift+MVVM.debug.xcconfig */,
				79E515586B382F08E7F5D98A /* Pods-MenuOrder_RxSwift+MVVM.release.xcconfig */,
			);
			path = Pods;
			sourceTree = "<group>";
		};
/* End PBXGroup section */

/* Begin PBXNativeTarget section */
		4E55CDA9264BC0CA00186B40 /* MenuOrder_RxSwift+MVVM */ = {
			isa = PBXNativeTarget;
			buildConfigurationList = 4E55CDBE264BC0CC00186B40 /* Build configuration list for PBXNativeTarget "MenuOrder_RxSwift+MVVM" */;
			buildPhases = (
				9B26A38E55E7F3DAA9907C0D /* [CP] Check Pods Manifest.lock */,
				4E55CDA6264BC0CA00186B40 /* Sources */,
				4E55CDA7264BC0CA00186B40 /* Frameworks */,
				4E55CDA8264BC0CA00186B40 /* Resources */,
				AA4D0ABFCA2D70CA77BBA108 /* [CP] Embed Pods Frameworks */,
			);
			buildRules = (
			);
			dependencies = (
			);
			name = "MenuOrder_RxSwift+MVVM";
			productName = "MenuOrder_RxSwift+MVVM";
			productReference = 4E55CDAA264BC0CA00186B40 /* MenuOrder_RxSwift+MVVM.app */;
			productType = "com.apple.product-type.application";
		};
/* End PBXNativeTarget section */

/* Begin PBXProject section */
		4E55CDA2264BC0CA00186B40 /* Project object */ = {
			isa = PBXProject;
			attributes = {
				LastSwiftUpdateCheck = 1230;
				LastUpgradeCheck = 1230;
				TargetAttributes = {
					4E55CDA9264BC0CA00186B40 = {
						CreatedOnToolsVersion = 12.3;
					};
				};
			};
			buildConfigurationList = 4E55CDA5264BC0CA00186B40 /* Build configuration list for PBXProject "MenuOrder_RxSwift+MVVM" */;
			compatibilityVersion = "Xcode 9.3";
			developmentRegion = en;
			hasScannedForEncodings = 0;
			knownRegions = (
				en,
				Base,
			);
			mainGroup = 4E55CDA1264BC0CA00186B40;
			productRefGroup = 4E55CDAB264BC0CA00186B40 /* Products */;
			projectDirPath = "";
			projectRoot = "";
			targets = (
				4E55CDA9264BC0CA00186B40 /* MenuOrder_RxSwift+MVVM */,
			);
		};
/* End PBXProject section */

/* Begin PBXResourcesBuildPhase section */
		4E55CDA8264BC0CA00186B40 /* Resources */ = {
			isa = PBXResourcesBuildPhase;
			buildActionMask = 2147483647;
			files = (
				4E55CDBA264BC0CC00186B40 /* LaunchScreen.storyboard in Resources */,
				4E55CDB7264BC0CC00186B40 /* Assets.xcassets in Resources */,
				4E55CDB5264BC0CA00186B40 /* Main.storyboard in Resources */,
			);
			runOnlyForDeploymentPostprocessing = 0;
		};
/* End PBXResourcesBuildPhase section */

/* Begin PBXShellScriptBuildPhase section */
		9B26A38E55E7F3DAA9907C0D /* [CP] Check Pods Manifest.lock */ = {
			isa = PBXShellScriptBuildPhase;
			buildActionMask = 2147483647;
			files = (
			);
			inputFileListPaths = (
			);
			inputPaths = (
				"${PODS_PODFILE_DIR_PATH}/Podfile.lock",
				"${PODS_ROOT}/Manifest.lock",
			);
			name = "[CP] Check Pods Manifest.lock";
			outputFileListPaths = (
			);
			outputPaths = (
				"$(DERIVED_FILE_DIR)/Pods-MenuOrder_RxSwift+MVVM-checkManifestLockResult.txt",
			);
			runOnlyForDeploymentPostprocessing = 0;
			shellPath = /bin/sh;
			shellScript = "diff \"${PODS_PODFILE_DIR_PATH}/Podfile.lock\" \"${PODS_ROOT}/Manifest.lock\" > /dev/null\nif [ $? != 0 ] ; then\n    # print error to STDERR\n    echo \"error: The sandbox is not in sync with the Podfile.lock. Run 'pod install' or update your CocoaPods installation.\" >&2\n    exit 1\nfi\n# This output is used by Xcode 'outputs' to avoid re-running this script phase.\necho \"SUCCESS\" > \"${SCRIPT_OUTPUT_FILE_0}\"\n";
			showEnvVarsInLog = 0;
		};
		AA4D0ABFCA2D70CA77BBA108 /* [CP] Embed Pods Frameworks */ = {
			isa = PBXShellScriptBuildPhase;
			buildActionMask = 2147483647;
			files = (
			);
			inputFileListPaths = (
				"${PODS_ROOT}/Target Support Files/Pods-MenuOrder_RxSwift+MVVM/Pods-MenuOrder_RxSwift+MVVM-frameworks-${CONFIGURATION}-input-files.xcfilelist",
			);
			name = "[CP] Embed Pods Frameworks";
			outputFileListPaths = (
				"${PODS_ROOT}/Target Support Files/Pods-MenuOrder_RxSwift+MVVM/Pods-MenuOrder_RxSwift+MVVM-frameworks-${CONFIGURATION}-output-files.xcfilelist",
			);
			runOnlyForDeploymentPostprocessing = 0;
			shellPath = /bin/sh;
			shellScript = "\"${PODS_ROOT}/Target Support Files/Pods-MenuOrder_RxSwift+MVVM/Pods-MenuOrder_RxSwift+MVVM-frameworks.sh\"\n";
			showEnvVarsInLog = 0;
		};
/* End PBXShellScriptBuildPhase section */

/* Begin PBXSourcesBuildPhase section */
		4E55CDA6264BC0CA00186B40 /* Sources */ = {
			isa = PBXSourcesBuildPhase;
			buildActionMask = 2147483647;
			files = (
				4E55CDB2264BC0CA00186B40 /* MenuViewController.swift in Sources */,
				4E55CDCD264E48B900186B40 /* APIServise.swift in Sources */,
				4E55CDD3264E508100186B40 /* MenuTableViewCell.swift in Sources */,
				4E55CDD0264E493800186B40 /* MenuModel.swift in Sources */,
				4E55CDCA264D57EF00186B40 /* ReceiptViewController.swift in Sources */,
				4E55CDAE264BC0CA00186B40 /* AppDelegate.swift in Sources */,
				4E55CDB0264BC0CA00186B40 /* SceneDelegate.swift in Sources */,
			);
			runOnlyForDeploymentPostprocessing = 0;
		};
/* End PBXSourcesBuildPhase section */

/* Begin PBXVariantGroup section */
		4E55CDB3264BC0CA00186B40 /* Main.storyboard */ = {
			isa = PBXVariantGroup;
			children = (
				4E55CDB4264BC0CA00186B40 /* Base */,
			);
			name = Main.storyboard;
			sourceTree = "<group>";
		};
		4E55CDB8264BC0CC00186B40 /* LaunchScreen.storyboard */ = {
			isa = PBXVariantGroup;
			children = (
				4E55CDB9264BC0CC00186B40 /* Base */,
			);
			name = LaunchScreen.storyboard;
			sourceTree = "<group>";
		};
/* End PBXVariantGroup section */

/* Begin XCBuildConfiguration section */
		4E55CDBC264BC0CC00186B40 /* Debug */ = {
			isa = XCBuildConfiguration;
			buildSettings = {
				ALWAYS_SEARCH_USER_PATHS = NO;
				CLANG_ANALYZER_NONNULL = YES;
				CLANG_ANALYZER_NUMBER_OBJECT_CONVERSION = YES_AGGRESSIVE;
				CLANG_CXX_LANGUAGE_STANDARD = "gnu++14";
				CLANG_CXX_LIBRARY = "libc++";
				CLANG_ENABLE_MODULES = YES;
				CLANG_ENABLE_OBJC_ARC = YES;
				CLANG_ENABLE_OBJC_WEAK = YES;
				CLANG_WARN_BLOCK_CAPTURE_AUTORELEASING = YES;
				CLANG_WARN_BOOL_CONVERSION = YES;
				CLANG_WARN_COMMA = YES;
				CLANG_WARN_CONSTANT_CONVERSION = YES;
				CLANG_WARN_DEPRECATED_OBJC_IMPLEMENTATIONS = YES;
				CLANG_WARN_DIRECT_OBJC_ISA_USAGE = YES_ERROR;
				CLANG_WARN_DOCUMENTATION_COMMENTS = YES;
				CLANG_WARN_EMPTY_BODY = YES;
				CLANG_WARN_ENUM_CONVERSION = YES;
				CLANG_WARN_INFINITE_RECURSION = YES;
				CLANG_WARN_INT_CONVERSION = YES;
				CLANG_WARN_NON_LITERAL_NULL_CONVERSION = YES;
				CLANG_WARN_OBJC_IMPLICIT_RETAIN_SELF = YES;
				CLANG_WARN_OBJC_LITERAL_CONVERSION = YES;
				CLANG_WARN_OBJC_ROOT_CLASS = YES_ERROR;
				CLANG_WARN_QUOTED_INCLUDE_IN_FRAMEWORK_HEADER = YES;
				CLANG_WARN_RANGE_LOOP_ANALYSIS = YES;
				CLANG_WARN_STRICT_PROTOTYPES = YES;
				CLANG_WARN_SUSPICIOUS_MOVE = YES;
				CLANG_WARN_UNGUARDED_AVAILABILITY = YES_AGGRESSIVE;
				CLANG_WARN_UNREACHABLE_CODE = YES;
				CLANG_WARN__DUPLICATE_METHOD_MATCH = YES;
				COPY_PHASE_STRIP = NO;
				DEBUG_INFORMATION_FORMAT = dwarf;
				ENABLE_STRICT_OBJC_MSGSEND = YES;
				ENABLE_TESTABILITY = YES;
				GCC_C_LANGUAGE_STANDARD = gnu11;
				GCC_DYNAMIC_NO_PIC = NO;
				GCC_NO_COMMON_BLOCKS = YES;
				GCC_OPTIMIZATION_LEVEL = 0;
				GCC_PREPROCESSOR_DEFINITIONS = (
					"DEBUG=1",
					"$(inherited)",
				);
				GCC_WARN_64_TO_32_BIT_CONVERSION = YES;
				GCC_WARN_ABOUT_RETURN_TYPE = YES_ERROR;
				GCC_WARN_UNDECLARED_SELECTOR = YES;
				GCC_WARN_UNINITIALIZED_AUTOS = YES_AGGRESSIVE;
				GCC_WARN_UNUSED_FUNCTION = YES;
				GCC_WARN_UNUSED_VARIABLE = YES;
				IPHONEOS_DEPLOYMENT_TARGET = 14.3;
				MTL_ENABLE_DEBUG_INFO = INCLUDE_SOURCE;
				MTL_FAST_MATH = YES;
				ONLY_ACTIVE_ARCH = YES;
				SDKROOT = iphoneos;
				SWIFT_ACTIVE_COMPILATION_CONDITIONS = DEBUG;
				SWIFT_OPTIMIZATION_LEVEL = "-Onone";
			};
			name = Debug;
		};
		4E55CDBD264BC0CC00186B40 /* Release */ = {
			isa = XCBuildConfiguration;
			buildSettings = {
				ALWAYS_SEARCH_USER_PATHS = NO;
				CLANG_ANALYZER_NONNULL = YES;
				CLANG_ANALYZER_NUMBER_OBJECT_CONVERSION = YES_AGGRESSIVE;
				CLANG_CXX_LANGUAGE_STANDARD = "gnu++14";
				CLANG_CXX_LIBRARY = "libc++";
				CLANG_ENABLE_MODULES = YES;
				CLANG_ENABLE_OBJC_ARC = YES;
				CLANG_ENABLE_OBJC_WEAK = YES;
				CLANG_WARN_BLOCK_CAPTURE_AUTORELEASING = YES;
				CLANG_WARN_BOOL_CONVERSION = YES;
				CLANG_WARN_COMMA = YES;
				CLANG_WARN_CONSTANT_CONVERSION = YES;
				CLANG_WARN_DEPRECATED_OBJC_IMPLEMENTATIONS = YES;
				CLANG_WARN_DIRECT_OBJC_ISA_USAGE = YES_ERROR;
				CLANG_WARN_DOCUMENTATION_COMMENTS = YES;
				CLANG_WARN_EMPTY_BODY = YES;
				CLANG_WARN_ENUM_CONVERSION = YES;
				CLANG_WARN_INFINITE_RECURSION = YES;
				CLANG_WARN_INT_CONVERSION = YES;
				CLANG_WARN_NON_LITERAL_NULL_CONVERSION = YES;
				CLANG_WARN_OBJC_IMPLICIT_RETAIN_SELF = YES;
				CLANG_WARN_OBJC_LITERAL_CONVERSION = YES;
				CLANG_WARN_OBJC_ROOT_CLASS = YES_ERROR;
				CLANG_WARN_QUOTED_INCLUDE_IN_FRAMEWORK_HEADER = YES;
				CLANG_WARN_RANGE_LOOP_ANALYSIS = YES;
				CLANG_WARN_STRICT_PROTOTYPES = YES;
				CLANG_WARN_SUSPICIOUS_MOVE = YES;
				CLANG_WARN_UNGUARDED_AVAILABILITY = YES_AGGRESSIVE;
				CLANG_WARN_UNREACHABLE_CODE = YES;
				CLANG_WARN__DUPLICATE_METHOD_MATCH = YES;
				COPY_PHASE_STRIP = NO;
				DEBUG_INFORMATION_FORMAT = "dwarf-with-dsym";
				ENABLE_NS_ASSERTIONS = NO;
				ENABLE_STRICT_OBJC_MSGSEND = YES;
				GCC_C_LANGUAGE_STANDARD = gnu11;
				GCC_NO_COMMON_BLOCKS = YES;
				GCC_WARN_64_TO_32_BIT_CONVERSION = YES;
				GCC_WARN_ABOUT_RETURN_TYPE = YES_ERROR;
				GCC_WARN_UNDECLARED_SELECTOR = YES;
				GCC_WARN_UNINITIALIZED_AUTOS = YES_AGGRESSIVE;
				GCC_WARN_UNUSED_FUNCTION = YES;
				GCC_WARN_UNUSED_VARIABLE = YES;
				IPHONEOS_DEPLOYMENT_TARGET = 14.3;
				MTL_ENABLE_DEBUG_INFO = NO;
				MTL_FAST_MATH = YES;
				SDKROOT = iphoneos;
				SWIFT_COMPILATION_MODE = wholemodule;
				SWIFT_OPTIMIZATION_LEVEL = "-O";
				VALIDATE_PRODUCT = YES;
			};
			name = Release;
		};
		4E55CDBF264BC0CC00186B40 /* Debug */ = {
			isa = XCBuildConfiguration;
			baseConfigurationReference = A7FCB8E7F560EED26F7D30AC /* Pods-MenuOrder_RxSwift+MVVM.debug.xcconfig */;
			buildSettings = {
				ASSETCATALOG_COMPILER_APPICON_NAME = AppIcon;
				ASSETCATALOG_COMPILER_GLOBAL_ACCENT_COLOR_NAME = AccentColor;
				CODE_SIGN_STYLE = Automatic;
				DEVELOPMENT_TEAM = X43362PDL5;
				INFOPLIST_FILE = "MenuOrder_RxSwift+MVVM/Info.plist";
				LD_RUNPATH_SEARCH_PATHS = (
					"$(inherited)",
					"@executable_path/Frameworks",
				);
				PRODUCT_BUNDLE_IDENTIFIER = "com.seongho.MenuOrder-RxSwift-MVVM";
				PRODUCT_NAME = "$(TARGET_NAME)";
				SWIFT_VERSION = 5.0;
				TARGETED_DEVICE_FAMILY = "1,2";
			};
			name = Debug;
		};
		4E55CDC0264BC0CC00186B40 /* Release */ = {
			isa = XCBuildConfiguration;
			baseConfigurationReference = 79E515586B382F08E7F5D98A /* Pods-MenuOrder_RxSwift+MVVM.release.xcconfig */;
			buildSettings = {
				ASSETCATALOG_COMPILER_APPICON_NAME = AppIcon;
				ASSETCATALOG_COMPILER_GLOBAL_ACCENT_COLOR_NAME = AccentColor;
				CODE_SIGN_STYLE = Automatic;
				DEVELOPMENT_TEAM = X43362PDL5;
				INFOPLIST_FILE = "MenuOrder_RxSwift+MVVM/Info.plist";
				LD_RUNPATH_SEARCH_PATHS = (
					"$(inherited)",
					"@executable_path/Frameworks",
				);
				PRODUCT_BUNDLE_IDENTIFIER = "com.seongho.MenuOrder-RxSwift-MVVM";
				PRODUCT_NAME = "$(TARGET_NAME)";
				SWIFT_VERSION = 5.0;
				TARGETED_DEVICE_FAMILY = "1,2";
			};
			name = Release;
		};
/* End XCBuildConfiguration section */

/* Begin XCConfigurationList section */
		4E55CDA5264BC0CA00186B40 /* Build configuration list for PBXProject "MenuOrder_RxSwift+MVVM" */ = {
			isa = XCConfigurationList;
			buildConfigurations = (
				4E55CDBC264BC0CC00186B40 /* Debug */,
				4E55CDBD264BC0CC00186B40 /* Release */,
			);
			defaultConfigurationIsVisible = 0;
			defaultConfigurationName = Release;
		};
		4E55CDBE264BC0CC00186B40 /* Build configuration list for PBXNativeTarget "MenuOrder_RxSwift+MVVM" */ = {
			isa = XCConfigurationList;
			buildConfigurations = (
				4E55CDBF264BC0CC00186B40 /* Debug */,
				4E55CDC0264BC0CC00186B40 /* Release */,
			);
			defaultConfigurationIsVisible = 0;
			defaultConfigurationName = Release;
		};
/* End XCConfigurationList section */
	};
	rootObject = 4E55CDA2264BC0CA00186B40 /* Project object */;
}
